github.com/djordje200179/extendedlibrary/misc v1.0.1 h1:92CESjNvIt4rxwUzWRwUlWu4DUYbXkdzm8ZILzUGaNA=
github.com/djordje200179/extendedlibrary/misc v1.0.1/go.mod h1:Q4KGUaRgNgEL/v/h6HmFkg2u8ZA60zHlsg1g9i0XiFQ=
golang.org/x/exp v0.0.0-20230810033253-352e893a4cad h1:g0bG7Z4uG+OgH2QDODnjp6ggkk1bJDsINcuWmJN1iJU=
golang.org/x/exp v0.0.0-20230810033253-352e893a4cad/go.mod h1:FXUEEKJgO7OQYeo8N01OfiKP8RXMtf6e8aTskBGqWdc=
